
Microsoft Visual Studio Solution File, Format Version 12.00
# Visual Studio 15
VisualStudioVersion = 15.0.27726.0
MinimumVisualStudioVersion = 10.0.40219.1
Project("{9A19103F-16F7-4668-BE54-9A1E7A4F7556}") = "InstRetired", "InstRetired.csproj", "{A73CB956-F67C-47AD-A9EA-33B33B5C1672}"
EndProject
Global
	GlobalSection(SolutionConfigurationPlatforms) = preSolution
		Debug|x86 = Debug|x86
		Release|x86 = Release|x86
	EndGlobalSection
	GlobalSection(ProjectConfigurationPlatforms) = postSolution
		{A73CB956-F67C-47AD-A9EA-33B33B5C1672}.Debug|x86.ActiveCfg = Debug|Any CPU
		{A73CB956-F67C-47AD-A9EA-33B33B5C1672}.Debug|x86.Build.0 = Debug|Any CPU
		{A73CB956-F67C-47AD-A9EA-33B33B5C1672}.Release|x86.ActiveCfg = Release|Any CPU
		{A73CB956-F67C-47AD-A9EA-33B33B5C1672}.Release|x86.Build.0 = Release|Any CPU
	EndGlobalSection
	GlobalSection(SolutionProperties) = preSolution
		HideSolutionNode = FALSE
	EndGlobalSection
	GlobalSection(ExtensibilityGlobals) = postSolution
		SolutionGuid = {E55B5A48-D031-4E77-A512-E90D3C3DB00E}
	EndGlobalSection
EndGlobal
